
Microsoft Visual Studio Solution File, Format Version 12.00
# Visual Studio Version 16
VisualStudioVersion = 16.6.30114.105
MinimumVisualStudioVersion = 10.0.40219.1
Project("{2150E333-8FDC-42A3-9474-1A3956D46DE8}") = "src", "src", "{77B86E3D-3920-4318-871D-61040D35B60D}"
EndProject
Project("{FAE04EC0-301F-11D3-BF4B-00C04F79EFBC}") = "GradeBook", "src\Gradebook\GradeBook.csproj", "{9044C414-CD57-4B8E-B0DE-37CCD612FBDE}"
EndProject
Project("{2150E333-8FDC-42A3-9474-1A3956D46DE8}") = "test", "test", "{4553871A-8565-4443-B264-C94824C40A14}"
EndProject
Project("{FAE04EC0-301F-11D3-BF4B-00C04F79EFBC}") = "GradeBook.Tests", "test\GradeBook.Tests\GradeBook.Tests.csproj", "{654FD878-12D7-489D-B3F9-29A2FFBAD0C2}"
EndProject
Global
	GlobalSection(SolutionConfigurationPlatforms) = preSolution
		Debug|Any CPU = Debug|Any CPU
		Debug|x64 = Debug|x64
		Debug|x86 = Debug|x86
		Release|Any CPU = Release|Any CPU
		Release|x64 = Release|x64
		Release|x86 = Release|x86
	EndGlobalSection
	GlobalSection(SolutionProperties) = preSolution
		HideSolutionNode = FALSE
	EndGlobalSection
	GlobalSection(ProjectConfigurationPlatforms) = postSolution
		{9044C414-CD57-4B8E-B0DE-37CCD612FBDE}.Debug|Any CPU.ActiveCfg = Debug|Any CPU
		{9044C414-CD57-4B8E-B0DE-37CCD612FBDE}.Debug|Any CPU.Build.0 = Debug|Any CPU
		{9044C414-CD57-4B8E-B0DE-37CCD612FBDE}.Debug|x64.ActiveCfg = Debug|Any CPU
		{9044C414-CD57-4B8E-B0DE-37CCD612FBDE}.Debug|x64.Build.0 = Debug|Any CPU
		{9044C414-CD57-4B8E-B0DE-37CCD612FBDE}.Debug|x86.ActiveCfg = Debug|Any CPU
		{9044C414-CD57-4B8E-B0DE-37CCD612FBDE}.Debug|x86.Build.0 = Debug|Any CPU
		{9044C414-CD57-4B8E-B0DE-37CCD612FBDE}.Release|Any CPU.ActiveCfg = Release|Any CPU
		{9044C414-CD57-4B8E-B0DE-37CCD612FBDE}.Release|Any CPU.Build.0 = Release|Any CPU
		{9044C414-CD57-4B8E-B0DE-37CCD612FBDE}.Release|x64.ActiveCfg = Release|Any CPU
		{9044C414-CD57-4B8E-B0DE-37CCD612FBDE}.Release|x64.Build.0 = Release|Any CPU
		{9044C414-CD57-4B8E-B0DE-37CCD612FBDE}.Release|x86.ActiveCfg = Release|Any CPU
		{9044C414-CD57-4B8E-B0DE-37CCD612FBDE}.Release|x86.Build.0 = Release|Any CPU
		{654FD878-12D7-489D-B3F9-29A2FFBAD0C2}.Debug|Any CPU.ActiveCfg = Debug|Any CPU
		{654FD878-12D7-489D-B3F9-29A2FFBAD0C2}.Debug|Any CPU.Build.0 = Debug|Any CPU
		{654FD878-12D7-489D-B3F9-29A2FFBAD0C2}.Debug|x64.ActiveCfg = Debug|Any CPU
		{654FD878-12D7-489D-B3F9-29A2FFBAD0C2}.Debug|x64.Build.0 = Debug|Any CPU
		{654FD878-12D7-489D-B3F9-29A2FFBAD0C2}.Debug|x86.ActiveCfg = Debug|Any CPU
		{654FD878-12D7-489D-B3F9-29A2FFBAD0C2}.Debug|x86.Build.0 = Debug|Any CPU
		{654FD878-12D7-489D-B3F9-29A2FFBAD0C2}.Release|Any CPU.ActiveCfg = Release|Any CPU
		{654FD878-12D7-489D-B3F9-29A2FFBAD0C2}.Release|Any CPU.Build.0 = Release|Any CPU
		{654FD878-12D7-489D-B3F9-29A2FFBAD0C2}.Release|x64.ActiveCfg = Release|Any CPU
		{654FD878-12D7-489D-B3F9-29A2FFBAD0C2}.Release|x64.Build.0 = Release|Any CPU
		{654FD878-12D7-489D-B3F9-29A2FFBAD0C2}.Release|x86.ActiveCfg = Release|Any CPU
		{654FD878-12D7-489D-B3F9-29A2FFBAD0C2}.Release|x86.Build.0 = Release|Any CPU
	EndGlobalSection
	GlobalSection(NestedProjects) = preSolution
		{9044C414-CD57-4B8E-B0DE-37CCD612FBDE} = {77B86E3D-3920-4318-871D-61040D35B60D}
		{654FD878-12D7-489D-B3F9-29A2FFBAD0C2} = {4553871A-8565-4443-B264-C94824C40A14}
	EndGlobalSection
EndGlobal
